
Microsoft Visual Studio Solution File, Format Version 12.00
# Visual Studio Version 16
VisualStudioVersion = 16.0.32228.343
MinimumVisualStudioVersion = 10.0.40219.1
Project("{FAE04EC0-301F-11D3-BF4B-00C04F79EFBC}") = "MovieRental", "MovieRental.csproj", "{DE8EF71A-C868-41F3-AD6D-216BC0F23758}"
EndProject
Global
	GlobalSection(SolutionConfigurationPlatforms) = preSolution
		Debug|Any CPU = Debug|Any CPU
		Release|Any CPU = Release|Any CPU
	EndGlobalSection
	GlobalSection(ProjectConfigurationPlatforms) = postSolution
		{DE8EF71A-C868-41F3-AD6D-216BC0F23758}.Debug|Any CPU.ActiveCfg = Debug|Any CPU
		{DE8EF71A-C868-41F3-AD6D-216BC0F23758}.Debug|Any CPU.Build.0 = Debug|Any CPU
		{DE8EF71A-C868-41F3-AD6D-216BC0F23758}.Release|Any CPU.ActiveCfg = Release|Any CPU
		{DE8EF71A-C868-41F3-AD6D-216BC0F23758}.Release|Any CPU.Build.0 = Release|Any CPU
	EndGlobalSection
	GlobalSection(SolutionProperties) = preSolution
		HideSolutionNode = FALSE
	EndGlobalSection
	GlobalSection(ExtensibilityGlobals) = postSolution
		SolutionGuid = {B3B08CEA-EF73-4975-8AC1-BFF0E3E868E0}
	EndGlobalSection
EndGlobal
